# This file is automatically @generated by Wally.
# It is not intended for manual editing.
registry = "test"

[[package]]
name = "edwar/eatfood"
version = "0.1.0"
dependencies = [["Knit", "sleitnick/knit@1.6.0"]]

[[package]]
name = "evaera/promise"
version = "4.0.0"
dependencies = []

[[package]]
name = "sleitnick/comm"
version = "1.0.1"
dependencies = [["Option", "sleitnick/option@1.0.5"], ["Promise", "evaera/promise@4.0.0"], ["Signal", "sleitnick/signal@2.0.1"]]

[[package]]
name = "sleitnick/knit"
version = "1.6.0"
dependencies = [["Comm", "sleitnick/comm@1.0.1"], ["Promise", "evaera/promise@4.0.0"]]

[[package]]
name = "sleitnick/option"
version = "1.0.5"
dependencies = []

[[package]]
name = "sleitnick/signal"
version = "2.0.1"
dependencies = []
